// !$*UTF8*$!
{
	archiveVersion = 1;
	classes = {
	};
	objectVersion = 51;
	objects = {

/* Begin PBXBuildFile section */
		61B7ABF347B858CD6D5A222F /* Pods_1_SergeyLyashenko.framework in Frameworks */ = {isa = PBXBuildFile; fileRef = E27859CBF32C5205B6E40618 /* Pods_1_SergeyLyashenko.framework */; };
		EC1290AA25EA477300661904 /* Main.storyboard in Resources */ = {isa = PBXBuildFile; fileRef = EC1290A825EA477300661904 /* Main.storyboard */; };
		EC1290AF25EA477400661904 /* LaunchScreen.storyboard in Resources */ = {isa = PBXBuildFile; fileRef = EC1290AD25EA477400661904 /* LaunchScreen.storyboard */; };
		EC195FBB261A21CC00D9673C /* ProfileTableViewController.swift in Sources */ = {isa = PBXBuildFile; fileRef = EC195FBA261A21CC00D9673C /* ProfileTableViewController.swift */; };
		EC417F4626CC57F50002303B /* AuthViewController.swift in Sources */ = {isa = PBXBuildFile; fileRef = EC417F4526CC57F50002303B /* AuthViewController.swift */; };
		EC417F4826CC58390002303B /* FriendsViewController.swift in Sources */ = {isa = PBXBuildFile; fileRef = EC417F4726CC58390002303B /* FriendsViewController.swift */; };
		EC417F4A26CC74270002303B /* FriendsAPI.swift in Sources */ = {isa = PBXBuildFile; fileRef = EC417F4926CC74270002303B /* FriendsAPI.swift */; };
		EC5D97D226CD9AFF009DD8E1 /* PhotosAPI.swift in Sources */ = {isa = PBXBuildFile; fileRef = EC5D97D126CD9AFF009DD8E1 /* PhotosAPI.swift */; };
		EC5D97D426CDA528009DD8E1 /* GroupsAPI.swift in Sources */ = {isa = PBXBuildFile; fileRef = EC5D97D326CDA528009DD8E1 /* GroupsAPI.swift */; };
		EC98F6CB262D8B8F00E9126E /* AppDelegate.swift in Sources */ = {isa = PBXBuildFile; fileRef = EC98F6CA262D8B8F00E9126E /* AppDelegate.swift */; };
		EC98F6CF262D8C0400E9126E /* SceneDelegate.swift in Sources */ = {isa = PBXBuildFile; fileRef = EC98F6CE262D8C0400E9126E /* SceneDelegate.swift */; };
		EC9A86BD26CC81EE0029DA99 /* Data+PrettyJSON.swift in Sources */ = {isa = PBXBuildFile; fileRef = EC9A86BC26CC81EE0029DA99 /* Data+PrettyJSON.swift */; };
		ECA0D3A626C9822E009A0948 /* Session.swift in Sources */ = {isa = PBXBuildFile; fileRef = ECA0D3A526C9822E009A0948 /* Session.swift */; };
		ECAF391E26CFE84B000138B9 /* Friends.swift in Sources */ = {isa = PBXBuildFile; fileRef = ECAF391D26CFE84B000138B9 /* Friends.swift */; };
		ECAF392026D047A3000138B9 /* Photos.swift in Sources */ = {isa = PBXBuildFile; fileRef = ECAF391F26D047A3000138B9 /* Photos.swift */; };
		ECAF392226D04D45000138B9 /* Groups.swift in Sources */ = {isa = PBXBuildFile; fileRef = ECAF392126D04D45000138B9 /* Groups.swift */; };
		ECDC633B26D1860600E97A61 /* GroupsViewController.swift in Sources */ = {isa = PBXBuildFile; fileRef = ECDC633A26D1860600E97A61 /* GroupsViewController.swift */; };
		ECE0EA5F26569C9400CF92EE /* Assets.xcassets in Resources */ = {isa = PBXBuildFile; fileRef = ECE0EA5E26569C9400CF92EE /* Assets.xcassets */; };
		ECF34A2126D19C5F00013002 /* PhotosFriendCollectionViewController.swift in Sources */ = {isa = PBXBuildFile; fileRef = ECF34A2026D19C5F00013002 /* PhotosFriendCollectionViewController.swift */; };
		ECF34A2326D1B5BB00013002 /* PhotosFriendCollectionViewCell.swift in Sources */ = {isa = PBXBuildFile; fileRef = ECF34A2226D1B5BB00013002 /* PhotosFriendCollectionViewCell.swift */; };
/* End PBXBuildFile section */

/* Begin PBXFileReference section */
		74921B2D4279AE534F9F2B12 /* Pods-1|SergeyLyashenko.debug.xcconfig */ = {isa = PBXFileReference; includeInIndex = 1; lastKnownFileType = text.xcconfig; name = "Pods-1|SergeyLyashenko.debug.xcconfig"; path = "Target Support Files/Pods-1|SergeyLyashenko/Pods-1|SergeyLyashenko.debug.xcconfig"; sourceTree = "<group>"; };
		C3FD9DDB19154D214E571F97 /* Pods-1|SergeyLyashenko.release.xcconfig */ = {isa = PBXFileReference; includeInIndex = 1; lastKnownFileType = text.xcconfig; name = "Pods-1|SergeyLyashenko.release.xcconfig"; path = "Target Support Files/Pods-1|SergeyLyashenko/Pods-1|SergeyLyashenko.release.xcconfig"; sourceTree = "<group>"; };
		E27859CBF32C5205B6E40618 /* Pods_1_SergeyLyashenko.framework */ = {isa = PBXFileReference; explicitFileType = wrapper.framework; includeInIndex = 0; path = Pods_1_SergeyLyashenko.framework; sourceTree = BUILT_PRODUCTS_DIR; };
		EC12909F25EA477300661904 /* 1|SergeyLyashenko.app */ = {isa = PBXFileReference; explicitFileType = wrapper.application; includeInIndex = 0; path = "1|SergeyLyashenko.app"; sourceTree = BUILT_PRODUCTS_DIR; };
		EC1290A925EA477300661904 /* Base */ = {isa = PBXFileReference; lastKnownFileType = file.storyboard; name = Base; path = Base.lproj/Main.storyboard; sourceTree = "<group>"; };
		EC1290AE25EA477400661904 /* Base */ = {isa = PBXFileReference; lastKnownFileType = file.storyboard; name = Base; path = Base.lproj/LaunchScreen.storyboard; sourceTree = "<group>"; };
		EC1290B025EA477400661904 /* Info.plist */ = {isa = PBXFileReference; lastKnownFileType = text.plist.xml; path = Info.plist; sourceTree = "<group>"; };
		EC195FBA261A21CC00D9673C /* ProfileTableViewController.swift */ = {isa = PBXFileReference; lastKnownFileType = sourcecode.swift; path = ProfileTableViewController.swift; sourceTree = "<group>"; };
		EC417F4526CC57F50002303B /* AuthViewController.swift */ = {isa = PBXFileReference; lastKnownFileType = sourcecode.swift; path = AuthViewController.swift; sourceTree = "<group>"; };
		EC417F4726CC58390002303B /* FriendsViewController.swift */ = {isa = PBXFileReference; lastKnownFileType = sourcecode.swift; path = FriendsViewController.swift; sourceTree = "<group>"; };
		EC417F4926CC74270002303B /* FriendsAPI.swift */ = {isa = PBXFileReference; lastKnownFileType = sourcecode.swift; path = FriendsAPI.swift; sourceTree = "<group>"; };
		EC5D97D126CD9AFF009DD8E1 /* PhotosAPI.swift */ = {isa = PBXFileReference; lastKnownFileType = sourcecode.swift; path = PhotosAPI.swift; sourceTree = "<group>"; };
		EC5D97D326CDA528009DD8E1 /* GroupsAPI.swift */ = {isa = PBXFileReference; lastKnownFileType = sourcecode.swift; path = GroupsAPI.swift; sourceTree = "<group>"; };
		EC98F6CA262D8B8F00E9126E /* AppDelegate.swift */ = {isa = PBXFileReference; lastKnownFileType = sourcecode.swift; path = AppDelegate.swift; sourceTree = "<group>"; };
		EC98F6CE262D8C0400E9126E /* SceneDelegate.swift */ = {isa = PBXFileReference; lastKnownFileType = sourcecode.swift; path = SceneDelegate.swift; sourceTree = "<group>"; };
		EC9A86BC26CC81EE0029DA99 /* Data+PrettyJSON.swift */ = {isa = PBXFileReference; lastKnownFileType = sourcecode.swift; path = "Data+PrettyJSON.swift"; sourceTree = "<group>"; };
		ECA0D3A526C9822E009A0948 /* Session.swift */ = {isa = PBXFileReference; lastKnownFileType = sourcecode.swift; path = Session.swift; sourceTree = "<group>"; };
		ECAF391D26CFE84B000138B9 /* Friends.swift */ = {isa = PBXFileReference; lastKnownFileType = sourcecode.swift; path = Friends.swift; sourceTree = "<group>"; };
		ECAF391F26D047A3000138B9 /* Photos.swift */ = {isa = PBXFileReference; lastKnownFileType = sourcecode.swift; path = Photos.swift; sourceTree = "<group>"; };
		ECAF392126D04D45000138B9 /* Groups.swift */ = {isa = PBXFileReference; lastKnownFileType = sourcecode.swift; path = Groups.swift; sourceTree = "<group>"; };
		ECDC633A26D1860600E97A61 /* GroupsViewController.swift */ = {isa = PBXFileReference; lastKnownFileType = sourcecode.swift; path = GroupsViewController.swift; sourceTree = "<group>"; };
		ECE0EA5E26569C9400CF92EE /* Assets.xcassets */ = {isa = PBXFileReference; lastKnownFileType = folder.assetcatalog; path = Assets.xcassets; sourceTree = "<group>"; };
		ECF34A2026D19C5F00013002 /* PhotosFriendCollectionViewController.swift */ = {isa = PBXFileReference; lastKnownFileType = sourcecode.swift; path = PhotosFriendCollectionViewController.swift; sourceTree = "<group>"; };
		ECF34A2226D1B5BB00013002 /* PhotosFriendCollectionViewCell.swift */ = {isa = PBXFileReference; lastKnownFileType = sourcecode.swift; path = PhotosFriendCollectionViewCell.swift; sourceTree = "<group>"; };
/* End PBXFileReference section */

/* Begin PBXFrameworksBuildPhase section */
		EC12909C25EA477300661904 /* Frameworks */ = {
			isa = PBXFrameworksBuildPhase;
			buildActionMask = 2147483647;
			files = (
				61B7ABF347B858CD6D5A222F /* Pods_1_SergeyLyashenko.framework in Frameworks */,
			);
			runOnlyForDeploymentPostprocessing = 0;
		};
/* End PBXFrameworksBuildPhase section */

/* Begin PBXGroup section */
		57E887BDC95102771EE50498 /* Frameworks */ = {
			isa = PBXGroup;
			children = (
				E27859CBF32C5205B6E40618 /* Pods_1_SergeyLyashenko.framework */,
			);
			name = Frameworks;
			sourceTree = "<group>";
		};
		DA7107F9823E232A0D7D07AD /* Pods */ = {
			isa = PBXGroup;
			children = (
				74921B2D4279AE534F9F2B12 /* Pods-1|SergeyLyashenko.debug.xcconfig */,
				C3FD9DDB19154D214E571F97 /* Pods-1|SergeyLyashenko.release.xcconfig */,
			);
			path = Pods;
			sourceTree = "<group>";
		};
		EC12909625EA477300661904 = {
			isa = PBXGroup;
			children = (
				EC1290A125EA477300661904 /* vk-api */,
				EC1290A025EA477300661904 /* Products */,
				DA7107F9823E232A0D7D07AD /* Pods */,
				57E887BDC95102771EE50498 /* Frameworks */,
			);
			sourceTree = "<group>";
		};
		EC1290A025EA477300661904 /* Products */ = {
			isa = PBXGroup;
			children = (
				EC12909F25EA477300661904 /* 1|SergeyLyashenko.app */,
			);
			name = Products;
			sourceTree = "<group>";
		};
		EC1290A125EA477300661904 /* vk-api */ = {
			isa = PBXGroup;
			children = (
				EC195FBA261A21CC00D9673C /* ProfileTableViewController.swift */,
				ECA0D3A126C97CED009A0948 /* App */,
				EC9A86BB26CC81750029DA99 /* Extension */,
				ECAF391C26CFE7B9000138B9 /* Models */,
				ECA0D3A326C97F2B009A0948 /* Modules */,
				ECA0D3A226C97D8C009A0948 /* Resources */,
				ECA0D3A426C980E9009A0948 /* Services */,
			);
			path = "vk-api";
			sourceTree = "<group>";
		};
		EC3C089426CC559A006F20B2 /* Friends */ = {
			isa = PBXGroup;
			children = (
				EC417F4726CC58390002303B /* FriendsViewController.swift */,
				ECDC633A26D1860600E97A61 /* GroupsViewController.swift */,
				ECF34A2026D19C5F00013002 /* PhotosFriendCollectionViewController.swift */,
				ECF34A2226D1B5BB00013002 /* PhotosFriendCollectionViewCell.swift */,
			);
			path = Friends;
			sourceTree = "<group>";
		};
		EC417F4426CC57100002303B /* Auth */ = {
			isa = PBXGroup;
			children = (
				EC417F4526CC57F50002303B /* AuthViewController.swift */,
			);
			path = Auth;
			sourceTree = "<group>";
		};
		EC9A86BB26CC81750029DA99 /* Extension */ = {
			isa = PBXGroup;
			children = (
				EC9A86BC26CC81EE0029DA99 /* Data+PrettyJSON.swift */,
			);
			path = Extension;
			sourceTree = "<group>";
		};
		ECA0D3A126C97CED009A0948 /* App */ = {
			isa = PBXGroup;
			children = (
				EC98F6CA262D8B8F00E9126E /* AppDelegate.swift */,
				EC98F6CE262D8C0400E9126E /* SceneDelegate.swift */,
			);
			path = App;
			sourceTree = "<group>";
		};
		ECA0D3A226C97D8C009A0948 /* Resources */ = {
			isa = PBXGroup;
			children = (
				EC1290A825EA477300661904 /* Main.storyboard */,
				ECE0EA5E26569C9400CF92EE /* Assets.xcassets */,
				EC1290AD25EA477400661904 /* LaunchScreen.storyboard */,
				EC1290B025EA477400661904 /* Info.plist */,
			);
			path = Resources;
			sourceTree = "<group>";
		};
		ECA0D3A326C97F2B009A0948 /* Modules */ = {
			isa = PBXGroup;
			children = (
				EC417F4426CC57100002303B /* Auth */,
				EC3C089426CC559A006F20B2 /* Friends */,
			);
			path = Modules;
			sourceTree = "<group>";
		};
		ECA0D3A426C980E9009A0948 /* Services */ = {
			isa = PBXGroup;
			children = (
				EC417F4926CC74270002303B /* FriendsAPI.swift */,
				EC5D97D326CDA528009DD8E1 /* GroupsAPI.swift */,
				EC5D97D126CD9AFF009DD8E1 /* PhotosAPI.swift */,
				ECA0D3A526C9822E009A0948 /* Session.swift */,
			);
			path = Services;
			sourceTree = "<group>";
		};
		ECAF391C26CFE7B9000138B9 /* Models */ = {
			isa = PBXGroup;
			children = (
				ECAF391D26CFE84B000138B9 /* Friends.swift */,
				ECAF392126D04D45000138B9 /* Groups.swift */,
				ECAF391F26D047A3000138B9 /* Photos.swift */,
			);
			name = Models;
			path = App/Models;
			sourceTree = "<group>";
		};
/* End PBXGroup section */

/* Begin PBXNativeTarget section */
		EC12909E25EA477300661904 /* 1|SergeyLyashenko */ = {
			isa = PBXNativeTarget;
			buildConfigurationList = EC1290B325EA477400661904 /* Build configuration list for PBXNativeTarget "1|SergeyLyashenko" */;
			buildPhases = (
				F0CFCA98EA4C7CB1CB184811 /* [CP] Check Pods Manifest.lock */,
				EC12909B25EA477300661904 /* Sources */,
				EC12909C25EA477300661904 /* Frameworks */,
				EC12909D25EA477300661904 /* Resources */,
				D33866A05EB19306084EA1C1 /* [CP] Embed Pods Frameworks */,
			);
			buildRules = (
			);
			dependencies = (
			);
			name = "1|SergeyLyashenko";
			productName = "1|SergeyLyashenko";
			productReference = EC12909F25EA477300661904 /* 1|SergeyLyashenko.app */;
			productType = "com.apple.product-type.application";
		};
/* End PBXNativeTarget section */

/* Begin PBXProject section */
		EC12909725EA477300661904 /* Project object */ = {
			isa = PBXProject;
			attributes = {
				LastSwiftUpdateCheck = 1240;
				LastUpgradeCheck = 1240;
				TargetAttributes = {
					EC12909E25EA477300661904 = {
						CreatedOnToolsVersion = 12.4;
					};
				};
			};
			buildConfigurationList = EC12909A25EA477300661904 /* Build configuration list for PBXProject "vk-api" */;
			compatibilityVersion = "Xcode 9.3";
			developmentRegion = en;
			hasScannedForEncodings = 0;
			knownRegions = (
				en,
				Base,
			);
			mainGroup = EC12909625EA477300661904;
			productRefGroup = EC1290A025EA477300661904 /* Products */;
			projectDirPath = "";
			projectRoot = "";
			targets = (
				EC12909E25EA477300661904 /* 1|SergeyLyashenko */,
			);
		};
/* End PBXProject section */

/* Begin PBXResourcesBuildPhase section */
		EC12909D25EA477300661904 /* Resources */ = {
			isa = PBXResourcesBuildPhase;
			buildActionMask = 2147483647;
			files = (
				EC1290AF25EA477400661904 /* LaunchScreen.storyboard in Resources */,
				ECE0EA5F26569C9400CF92EE /* Assets.xcassets in Resources */,
				EC1290AA25EA477300661904 /* Main.storyboard in Resources */,
			);
			runOnlyForDeploymentPostprocessing = 0;
		};
/* End PBXResourcesBuildPhase section */

/* Begin PBXShellScriptBuildPhase section */
		D33866A05EB19306084EA1C1 /* [CP] Embed Pods Frameworks */ = {
			isa = PBXShellScriptBuildPhase;
			buildActionMask = 2147483647;
			files = (
			);
			inputFileListPaths = (
				"${PODS_ROOT}/Target Support Files/Pods-1|SergeyLyashenko/Pods-1|SergeyLyashenko-frameworks-${CONFIGURATION}-input-files.xcfilelist",
			);
			name = "[CP] Embed Pods Frameworks";
			outputFileListPaths = (
				"${PODS_ROOT}/Target Support Files/Pods-1|SergeyLyashenko/Pods-1|SergeyLyashenko-frameworks-${CONFIGURATION}-output-files.xcfilelist",
			);
			runOnlyForDeploymentPostprocessing = 0;
			shellPath = /bin/sh;
			shellScript = "\"${PODS_ROOT}/Target Support Files/Pods-1|SergeyLyashenko/Pods-1|SergeyLyashenko-frameworks.sh\"\n";
			showEnvVarsInLog = 0;
		};
		F0CFCA98EA4C7CB1CB184811 /* [CP] Check Pods Manifest.lock */ = {
			isa = PBXShellScriptBuildPhase;
			buildActionMask = 2147483647;
			files = (
			);
			inputFileListPaths = (
			);
			inputPaths = (
				"${PODS_PODFILE_DIR_PATH}/Podfile.lock",
				"${PODS_ROOT}/Manifest.lock",
			);
			name = "[CP] Check Pods Manifest.lock";
			outputFileListPaths = (
			);
			outputPaths = (
				"$(DERIVED_FILE_DIR)/Pods-1|SergeyLyashenko-checkManifestLockResult.txt",
			);
			runOnlyForDeploymentPostprocessing = 0;
			shellPath = /bin/sh;
			shellScript = "diff \"${PODS_PODFILE_DIR_PATH}/Podfile.lock\" \"${PODS_ROOT}/Manifest.lock\" > /dev/null\nif [ $? != 0 ] ; then\n    # print error to STDERR\n    echo \"error: The sandbox is not in sync with the Podfile.lock. Run 'pod install' or update your CocoaPods installation.\" >&2\n    exit 1\nfi\n# This output is used by Xcode 'outputs' to avoid re-running this script phase.\necho \"SUCCESS\" > \"${SCRIPT_OUTPUT_FILE_0}\"\n";
			showEnvVarsInLog = 0;
		};
/* End PBXShellScriptBuildPhase section */

/* Begin PBXSourcesBuildPhase section */
		EC12909B25EA477300661904 /* Sources */ = {
			isa = PBXSourcesBuildPhase;
			buildActionMask = 2147483647;
			files = (
				ECAF392026D047A3000138B9 /* Photos.swift in Sources */,
				EC417F4626CC57F50002303B /* AuthViewController.swift in Sources */,
				EC98F6CF262D8C0400E9126E /* SceneDelegate.swift in Sources */,
				EC5D97D226CD9AFF009DD8E1 /* PhotosAPI.swift in Sources */,
				ECAF392226D04D45000138B9 /* Groups.swift in Sources */,
				ECF34A2126D19C5F00013002 /* PhotosFriendCollectionViewController.swift in Sources */,
				ECF34A2326D1B5BB00013002 /* PhotosFriendCollectionViewCell.swift in Sources */,
				ECAF391E26CFE84B000138B9 /* Friends.swift in Sources */,
				EC417F4826CC58390002303B /* FriendsViewController.swift in Sources */,
				EC98F6CB262D8B8F00E9126E /* AppDelegate.swift in Sources */,
				EC5D97D426CDA528009DD8E1 /* GroupsAPI.swift in Sources */,
				EC195FBB261A21CC00D9673C /* ProfileTableViewController.swift in Sources */,
				EC9A86BD26CC81EE0029DA99 /* Data+PrettyJSON.swift in Sources */,
				ECA0D3A626C9822E009A0948 /* Session.swift in Sources */,
				EC417F4A26CC74270002303B /* FriendsAPI.swift in Sources */,
				ECDC633B26D1860600E97A61 /* GroupsViewController.swift in Sources */,
			);
			runOnlyForDeploymentPostprocessing = 0;
		};
/* End PBXSourcesBuildPhase section */

/* Begin PBXVariantGroup section */
		EC1290A825EA477300661904 /* Main.storyboard */ = {
			isa = PBXVariantGroup;
			children = (
				EC1290A925EA477300661904 /* Base */,
			);
			name = Main.storyboard;
			sourceTree = "<group>";
		};
		EC1290AD25EA477400661904 /* LaunchScreen.storyboard */ = {
			isa = PBXVariantGroup;
			children = (
				EC1290AE25EA477400661904 /* Base */,
			);
			name = LaunchScreen.storyboard;
			sourceTree = "<group>";
		};
/* End PBXVariantGroup section */

/* Begin XCBuildConfiguration section */
		EC1290B125EA477400661904 /* Debug */ = {
			isa = XCBuildConfiguration;
			buildSettings = {
				ALWAYS_SEARCH_USER_PATHS = NO;
				CLANG_ANALYZER_NONNULL = YES;
				CLANG_ANALYZER_NUMBER_OBJECT_CONVERSION = YES_AGGRESSIVE;
				CLANG_CXX_LANGUAGE_STANDARD = "gnu++14";
				CLANG_CXX_LIBRARY = "libc++";
				CLANG_ENABLE_MODULES = YES;
				CLANG_ENABLE_OBJC_ARC = YES;
				CLANG_ENABLE_OBJC_WEAK = YES;
				CLANG_WARN_BLOCK_CAPTURE_AUTORELEASING = YES;
				CLANG_WARN_BOOL_CONVERSION = YES;
				CLANG_WARN_COMMA = YES;
				CLANG_WARN_CONSTANT_CONVERSION = YES;
				CLANG_WARN_DEPRECATED_OBJC_IMPLEMENTATIONS = YES;
				CLANG_WARN_DIRECT_OBJC_ISA_USAGE = YES_ERROR;
				CLANG_WARN_DOCUMENTATION_COMMENTS = YES;
				CLANG_WARN_EMPTY_BODY = YES;
				CLANG_WARN_ENUM_CONVERSION = YES;
				CLANG_WARN_INFINITE_RECURSION = YES;
				CLANG_WARN_INT_CONVERSION = YES;
				CLANG_WARN_NON_LITERAL_NULL_CONVERSION = YES;
				CLANG_WARN_OBJC_IMPLICIT_RETAIN_SELF = YES;
				CLANG_WARN_OBJC_LITERAL_CONVERSION = YES;
				CLANG_WARN_OBJC_ROOT_CLASS = YES_ERROR;
				CLANG_WARN_QUOTED_INCLUDE_IN_FRAMEWORK_HEADER = YES;
				CLANG_WARN_RANGE_LOOP_ANALYSIS = YES;
				CLANG_WARN_STRICT_PROTOTYPES = YES;
				CLANG_WARN_SUSPICIOUS_MOVE = YES;
				CLANG_WARN_UNGUARDED_AVAILABILITY = YES_AGGRESSIVE;
				CLANG_WARN_UNREACHABLE_CODE = YES;
				CLANG_WARN__DUPLICATE_METHOD_MATCH = YES;
				COPY_PHASE_STRIP = NO;
				DEBUG_INFORMATION_FORMAT = dwarf;
				ENABLE_STRICT_OBJC_MSGSEND = YES;
				ENABLE_TESTABILITY = YES;
				GCC_C_LANGUAGE_STANDARD = gnu11;
				GCC_DYNAMIC_NO_PIC = NO;
				GCC_NO_COMMON_BLOCKS = YES;
				GCC_OPTIMIZATION_LEVEL = 0;
				GCC_PREPROCESSOR_DEFINITIONS = (
					"DEBUG=1",
					"$(inherited)",
				);
				GCC_WARN_64_TO_32_BIT_CONVERSION = YES;
				GCC_WARN_ABOUT_RETURN_TYPE = YES_ERROR;
				GCC_WARN_UNDECLARED_SELECTOR = YES;
				GCC_WARN_UNINITIALIZED_AUTOS = YES_AGGRESSIVE;
				GCC_WARN_UNUSED_FUNCTION = YES;
				GCC_WARN_UNUSED_VARIABLE = YES;
				IPHONEOS_DEPLOYMENT_TARGET = 14.4;
				MTL_ENABLE_DEBUG_INFO = INCLUDE_SOURCE;
				MTL_FAST_MATH = YES;
				ONLY_ACTIVE_ARCH = YES;
				SDKROOT = iphoneos;
				SWIFT_ACTIVE_COMPILATION_CONDITIONS = DEBUG;
				SWIFT_OPTIMIZATION_LEVEL = "-Onone";
			};
			name = Debug;
		};
		EC1290B225EA477400661904 /* Release */ = {
			isa = XCBuildConfiguration;
			buildSettings = {
				ALWAYS_SEARCH_USER_PATHS = NO;
				CLANG_ANALYZER_NONNULL = YES;
				CLANG_ANALYZER_NUMBER_OBJECT_CONVERSION = YES_AGGRESSIVE;
				CLANG_CXX_LANGUAGE_STANDARD = "gnu++14";
				CLANG_CXX_LIBRARY = "libc++";
				CLANG_ENABLE_MODULES = YES;
				CLANG_ENABLE_OBJC_ARC = YES;
				CLANG_ENABLE_OBJC_WEAK = YES;
				CLANG_WARN_BLOCK_CAPTURE_AUTORELEASING = YES;
				CLANG_WARN_BOOL_CONVERSION = YES;
				CLANG_WARN_COMMA = YES;
				CLANG_WARN_CONSTANT_CONVERSION = YES;
				CLANG_WARN_DEPRECATED_OBJC_IMPLEMENTATIONS = YES;
				CLANG_WARN_DIRECT_OBJC_ISA_USAGE = YES_ERROR;
				CLANG_WARN_DOCUMENTATION_COMMENTS = YES;
				CLANG_WARN_EMPTY_BODY = YES;
				CLANG_WARN_ENUM_CONVERSION = YES;
				CLANG_WARN_INFINITE_RECURSION = YES;
				CLANG_WARN_INT_CONVERSION = YES;
				CLANG_WARN_NON_LITERAL_NULL_CONVERSION = YES;
				CLANG_WARN_OBJC_IMPLICIT_RETAIN_SELF = YES;
				CLANG_WARN_OBJC_LITERAL_CONVERSION = YES;
				CLANG_WARN_OBJC_ROOT_CLASS = YES_ERROR;
				CLANG_WARN_QUOTED_INCLUDE_IN_FRAMEWORK_HEADER = YES;
				CLANG_WARN_RANGE_LOOP_ANALYSIS = YES;
				CLANG_WARN_STRICT_PROTOTYPES = YES;
				CLANG_WARN_SUSPICIOUS_MOVE = YES;
				CLANG_WARN_UNGUARDED_AVAILABILITY = YES_AGGRESSIVE;
				CLANG_WARN_UNREACHABLE_CODE = YES;
				CLANG_WARN__DUPLICATE_METHOD_MATCH = YES;
				COPY_PHASE_STRIP = NO;
				DEBUG_INFORMATION_FORMAT = "dwarf-with-dsym";
				ENABLE_NS_ASSERTIONS = NO;
				ENABLE_STRICT_OBJC_MSGSEND = YES;
				GCC_C_LANGUAGE_STANDARD = gnu11;
				GCC_NO_COMMON_BLOCKS = YES;
				GCC_WARN_64_TO_32_BIT_CONVERSION = YES;
				GCC_WARN_ABOUT_RETURN_TYPE = YES_ERROR;
				GCC_WARN_UNDECLARED_SELECTOR = YES;
				GCC_WARN_UNINITIALIZED_AUTOS = YES_AGGRESSIVE;
				GCC_WARN_UNUSED_FUNCTION = YES;
				GCC_WARN_UNUSED_VARIABLE = YES;
				IPHONEOS_DEPLOYMENT_TARGET = 14.4;
				MTL_ENABLE_DEBUG_INFO = NO;
				MTL_FAST_MATH = YES;
				SDKROOT = iphoneos;
				SWIFT_COMPILATION_MODE = wholemodule;
				SWIFT_OPTIMIZATION_LEVEL = "-O";
				VALIDATE_PRODUCT = YES;
			};
			name = Release;
		};
		EC1290B425EA477400661904 /* Debug */ = {
			isa = XCBuildConfiguration;
			baseConfigurationReference = 74921B2D4279AE534F9F2B12 /* Pods-1|SergeyLyashenko.debug.xcconfig */;
			buildSettings = {
				ASSETCATALOG_COMPILER_GLOBAL_ACCENT_COLOR_NAME = AccentColor;
				CODE_SIGN_STYLE = Automatic;
				DEVELOPMENT_TEAM = 559TND22VC;
				INFOPLIST_FILE = "$(SRCROOT)/vk-api/Resources/Info.plist";
				LD_RUNPATH_SEARCH_PATHS = (
					"$(inherited)",
					"@executable_path/Frameworks",
				);
				PRODUCT_BUNDLE_IDENTIFIER = "com.sergey.--SergeyLyashenko";
				PRODUCT_NAME = "$(TARGET_NAME)";
				SWIFT_VERSION = 5.0;
				TARGETED_DEVICE_FAMILY = "1,2";
			};
			name = Debug;
		};
		EC1290B525EA477400661904 /* Release */ = {
			isa = XCBuildConfiguration;
			baseConfigurationReference = C3FD9DDB19154D214E571F97 /* Pods-1|SergeyLyashenko.release.xcconfig */;
			buildSettings = {
				ASSETCATALOG_COMPILER_GLOBAL_ACCENT_COLOR_NAME = AccentColor;
				CODE_SIGN_STYLE = Automatic;
				DEVELOPMENT_TEAM = 559TND22VC;
				INFOPLIST_FILE = "$(SRCROOT)/vk-api/Resources/Info.plist";
				LD_RUNPATH_SEARCH_PATHS = (
					"$(inherited)",
					"@executable_path/Frameworks",
				);
				PRODUCT_BUNDLE_IDENTIFIER = "com.sergey.--SergeyLyashenko";
				PRODUCT_NAME = "$(TARGET_NAME)";
				SWIFT_VERSION = 5.0;
				TARGETED_DEVICE_FAMILY = "1,2";
			};
			name = Release;
		};
/* End XCBuildConfiguration section */

/* Begin XCConfigurationList section */
		EC12909A25EA477300661904 /* Build configuration list for PBXProject "vk-api" */ = {
			isa = XCConfigurationList;
			buildConfigurations = (
				EC1290B125EA477400661904 /* Debug */,
				EC1290B225EA477400661904 /* Release */,
			);
			defaultConfigurationIsVisible = 0;
			defaultConfigurationName = Release;
		};
		EC1290B325EA477400661904 /* Build configuration list for PBXNativeTarget "1|SergeyLyashenko" */ = {
			isa = XCConfigurationList;
			buildConfigurations = (
				EC1290B425EA477400661904 /* Debug */,
				EC1290B525EA477400661904 /* Release */,
			);
			defaultConfigurationIsVisible = 0;
			defaultConfigurationName = Release;
		};
/* End XCConfigurationList section */
	};
	rootObject = EC12909725EA477300661904 /* Project object */;
}
